{
  "name": "tanda",
  "version": "1.0.0",
  "lockfileVersion": 1,
  "requires": true,
  "dependencies": {
    "@fortawesome/fontawesome-free": {
      "version": "5.11.2",
      "resolved": "https://registry.npmjs.org/@fortawesome/fontawesome-free/-/fontawesome-free-5.11.2.tgz",
      "integrity": "sha512-XiUPoS79r1G7PcpnNtq85TJ7inJWe0v+b5oZJZKb0pGHNIV6+UiNeQWiFGmuQ0aj7GEhnD/v9iqxIsjuRKtEnQ==",
      "dev": true
    },
    "@fullcalendar/core": {
      "version": "4.3.1",
      "resolved": "https://registry.npmjs.org/@fullcalendar/core/-/core-4.3.1.tgz",
      "integrity": "sha512-Eh+p/wpMkWGu26f8NpfQK9ecQMoZxX/aopv+0+4/CH+Ip0paP6iEc40JYgTz7RFl0bFqV1dvwyGyUZ4+9ZeySA=="
    },
    "@fullcalendar/daygrid": {
      "version": "4.3.0",
      "resolved": "https://registry.npmjs.org/@fullcalendar/daygrid/-/daygrid-4.3.0.tgz",
      "integrity": "sha512-OrGaRIGbELESOXOCXtoQVY4cOxnxmN7OrjDGbMoVITdoXWuIZ6sFNO84WcBQoRaIbkmqVM0SAU2MENwy+eEwqQ=="
    },
    "@fullcalendar/interaction": {
      "version": "4.3.0",
      "resolved": "https://registry.npmjs.org/@fullcalendar/interaction/-/interaction-4.3.0.tgz",
      "integrity": "sha512-kaKV+tdgH/oIrwTSMGYFec989L5r+KMYJ9ybwLc8G3LbMVcebo8fAlN9VizmGQAuopKfyvOw8yzJdjfmVCCRYQ=="
    },
    "@fullcalendar/timegrid": {
      "version": "4.3.0",
      "resolved": "https://registry.npmjs.org/@fullcalendar/timegrid/-/timegrid-4.3.0.tgz",
      "integrity": "sha512-9JCSZbzw2Hi+X893l5X9ViZaWjxh+sDy59o6nKx0gYKwSfs/vKpmk73GBQfKyUv8orkjpnTdPFfeLDZqlzBP4Q==",
      "requires": {
        "@fullcalendar/daygrid": "~4.3.0"
      }
    },
    "bootstrap": {
      "version": "4.4.1",
      "resolved": "https://registry.npmjs.org/bootstrap/-/bootstrap-4.4.1.tgz",
      "integrity": "sha512-tbx5cHubwE6e2ZG7nqM3g/FZ5PQEDMWmMGNrCUBVRPHXTJaH7CBDdsLeu3eCh3B1tzAxTnAbtmrzvWEvT2NNEA=="
    },
    "chosen-js": {
      "version": "1.8.7",
      "resolved": "https://registry.npmjs.org/chosen-js/-/chosen-js-1.8.7.tgz",
      "integrity": "sha512-eVdrZJ2U5ISdObkgsi0od5vIJdLwq1P1Xa/Vj/mgxkMZf14DlgobfB6nrlFi3kW4kkvKLsKk4NDqZj1MU1DCpw=="
    },
    "datatables.net": {
      "version": "1.10.20",
      "resolved": "https://registry.npmjs.org/datatables.net/-/datatables.net-1.10.20.tgz",
      "integrity": "sha512-4E4S7tTU607N3h0fZPkGmAtr9mwy462u+VJ6gxYZ8MxcRIjZqHy3Dv1GNry7i3zQCktTdWbULVKBbkAJkuHEnQ==",
      "requires": {
        "jquery": ">=1.7"
      }
    },
    "datatables.net-dt": {
      "version": "1.10.20",
      "resolved": "https://registry.npmjs.org/datatables.net-dt/-/datatables.net-dt-1.10.20.tgz",
      "integrity": "sha512-D+65buDke96a3WlJo2re+SbcAVfjPh2nsFZG198Vbkz3i1wKPdB+wkV2K07qYIiIpypcXWOnD2pz3MvnUqM9Tw==",
      "requires": {
        "datatables.net": "1.10.20",
        "jquery": ">=1.7"
      }
    },
    "datatables.net-responsive": {
      "version": "2.2.3",
      "resolved": "https://registry.npmjs.org/datatables.net-responsive/-/datatables.net-responsive-2.2.3.tgz",
      "integrity": "sha512-8D6VtZcyuH3FG0Hn5A4LPZQEOX3+HrRFM7HjpmsQc/nQDBbdeBLkJX4Sh/o1nzFTSneuT1Wh/lYZHVPpjcN+Sw==",
      "requires": {
        "datatables.net": "^1.10.15",
        "jquery": ">=1.7"
      }
    },
    "datatables.net-responsive-dt": {
      "version": "2.2.3",
      "resolved": "https://registry.npmjs.org/datatables.net-responsive-dt/-/datatables.net-responsive-dt-2.2.3.tgz",
      "integrity": "sha512-NGxuii+3sWGG150AWmQ5NYCrTaFKUHo6GeizBR8o2Uuy68PnuNrSO27hyLvOYNLHQ9kALT66f/gTaBc2TdznFA==",
      "requires": {
        "datatables.net-dt": "^1.10.15",
        "datatables.net-responsive": "2.2.3",
        "jquery": ">=1.7"
      }
    },
    "jquery": {
      "version": "3.4.1",
      "resolved": "https://registry.npmjs.org/jquery/-/jquery-3.4.1.tgz",
      "integrity": "sha512-36+AdBzCL+y6qjw5Tx7HgzeGCzC81MDDgaUP8ld2zhx58HdqXGoBd+tHdrBMiyjGQs0Hxs/MLZTu/eHNJJuWPw=="
    },
    "jquery-ui": {
      "version": "1.12.1",
      "resolved": "https://registry.npmjs.org/jquery-ui/-/jquery-ui-1.12.1.tgz",
      "integrity": "sha1-vLQEXI3QU5wTS8FIjN0+dop6nlE="
    },
    "js-cookie": {
      "version": "2.2.1",
      "resolved": "https://registry.npmjs.org/js-cookie/-/js-cookie-2.2.1.tgz",
      "integrity": "sha512-HvdH2LzI/EAZcUwA8+0nKNtWHqS+ZmijLA30RwZA0bo7ToCckjK5MkGhjED9KoRcXO6BaGI3I9UIzSA1FKFPOQ=="
    },
    "micromodal": {
      "version": "0.4.2",
      "resolved": "https://registry.npmjs.org/micromodal/-/micromodal-0.4.2.tgz",
      "integrity": "sha512-tL8Z6Vi72haNUNlkhLjJJv1Q16eqUWMPAGT4RF7mwDM5DNyJXC67Yj8jw/yVgGYdhnCEBBf3X5JM3d/MpXSEKg=="
    }
  }
}
